// !$*UTF8*$!
{
	archiveVersion = 1;
	classes = {
	};
	objectVersion = 50;
	objects = {

/* Begin PBXBuildFile section */
		B4773084257D0D83006251B8 /* MessagesPreviewCell.swift in Sources */ = {isa = PBXBuildFile; fileRef = B4773083257D0D83006251B8 /* MessagesPreviewCell.swift */; };
		B4773088257D0F1E006251B8 /* UIButton.swift in Sources */ = {isa = PBXBuildFile; fileRef = B4773087257D0F1E006251B8 /* UIButton.swift */; };
		B477308D257D1932006251B8 /* Message.swift in Sources */ = {isa = PBXBuildFile; fileRef = B477308C257D1932006251B8 /* Message.swift */; };
		B48F4CFF257D7437007A47DF /* UIColor.swift in Sources */ = {isa = PBXBuildFile; fileRef = B48F4CFE257D7437007A47DF /* UIColor.swift */; };
		B48F4D02257D7B3E007A47DF /* UIView.swift in Sources */ = {isa = PBXBuildFile; fileRef = B48F4D01257D7B3E007A47DF /* UIView.swift */; };
		B4D80901257CE29400B158AA /* MessagesVC.swift in Sources */ = {isa = PBXBuildFile; fileRef = B4D80900257CE29400B158AA /* MessagesVC.swift */; };
		B4D8090A257CE7EF00B158AA /* TabBarController.swift in Sources */ = {isa = PBXBuildFile; fileRef = B4D80909257CE7EF00B158AA /* TabBarController.swift */; };
		B4D80915257CFA7600B158AA /* CustomView.swift in Sources */ = {isa = PBXBuildFile; fileRef = B4D80914257CFA7600B158AA /* CustomView.swift */; };
		B4E7F397257B897D009FE7FC /* AppDelegate.swift in Sources */ = {isa = PBXBuildFile; fileRef = B4E7F396257B897D009FE7FC /* AppDelegate.swift */; };
		B4E7F399257B897D009FE7FC /* SceneDelegate.swift in Sources */ = {isa = PBXBuildFile; fileRef = B4E7F398257B897D009FE7FC /* SceneDelegate.swift */; };
		B4E7F39E257B897D009FE7FC /* Main.storyboard in Resources */ = {isa = PBXBuildFile; fileRef = B4E7F39C257B897D009FE7FC /* Main.storyboard */; };
		B4E7F3A0257B897E009FE7FC /* Assets.xcassets in Resources */ = {isa = PBXBuildFile; fileRef = B4E7F39F257B897E009FE7FC /* Assets.xcassets */; };
		B4E7F3A3257B897E009FE7FC /* LaunchScreen.storyboard in Resources */ = {isa = PBXBuildFile; fileRef = B4E7F3A1257B897E009FE7FC /* LaunchScreen.storyboard */; };
		B4E7F3C0257C2CD3009FE7FC /* MessagesSectionView.swift in Sources */ = {isa = PBXBuildFile; fileRef = B4E7F3BF257C2CD3009FE7FC /* MessagesSectionView.swift */; };
		B4E7F3C4257C2CF7009FE7FC /* MessagesSectionView.xib in Resources */ = {isa = PBXBuildFile; fileRef = B4E7F3C3257C2CF7009FE7FC /* MessagesSectionView.xib */; };
/* End PBXBuildFile section */

/* Begin PBXFileReference section */
		B4773083257D0D83006251B8 /* MessagesPreviewCell.swift */ = {isa = PBXFileReference; lastKnownFileType = sourcecode.swift; path = MessagesPreviewCell.swift; sourceTree = "<group>"; };
		B4773087257D0F1E006251B8 /* UIButton.swift */ = {isa = PBXFileReference; lastKnownFileType = sourcecode.swift; path = UIButton.swift; sourceTree = "<group>"; };
		B477308C257D1932006251B8 /* Message.swift */ = {isa = PBXFileReference; lastKnownFileType = sourcecode.swift; path = Message.swift; sourceTree = "<group>"; };
		B48F4CFE257D7437007A47DF /* UIColor.swift */ = {isa = PBXFileReference; lastKnownFileType = sourcecode.swift; path = UIColor.swift; sourceTree = "<group>"; };
		B48F4D01257D7B3E007A47DF /* UIView.swift */ = {isa = PBXFileReference; lastKnownFileType = sourcecode.swift; path = UIView.swift; sourceTree = "<group>"; };
		B4D80900257CE29400B158AA /* MessagesVC.swift */ = {isa = PBXFileReference; lastKnownFileType = sourcecode.swift; path = MessagesVC.swift; sourceTree = "<group>"; };
		B4D80909257CE7EF00B158AA /* TabBarController.swift */ = {isa = PBXFileReference; lastKnownFileType = sourcecode.swift; path = TabBarController.swift; sourceTree = "<group>"; };
		B4D80914257CFA7600B158AA /* CustomView.swift */ = {isa = PBXFileReference; lastKnownFileType = sourcecode.swift; path = CustomView.swift; sourceTree = "<group>"; };
		B4E7F393257B897D009FE7FC /* ChatMessages.app */ = {isa = PBXFileReference; explicitFileType = wrapper.application; includeInIndex = 0; path = ChatMessages.app; sourceTree = BUILT_PRODUCTS_DIR; };
		B4E7F396257B897D009FE7FC /* AppDelegate.swift */ = {isa = PBXFileReference; lastKnownFileType = sourcecode.swift; path = AppDelegate.swift; sourceTree = "<group>"; };
		B4E7F398257B897D009FE7FC /* SceneDelegate.swift */ = {isa = PBXFileReference; lastKnownFileType = sourcecode.swift; path = SceneDelegate.swift; sourceTree = "<group>"; };
		B4E7F39D257B897D009FE7FC /* Base */ = {isa = PBXFileReference; lastKnownFileType = file.storyboard; name = Base; path = Base.lproj/Main.storyboard; sourceTree = "<group>"; };
		B4E7F39F257B897E009FE7FC /* Assets.xcassets */ = {isa = PBXFileReference; lastKnownFileType = folder.assetcatalog; path = Assets.xcassets; sourceTree = "<group>"; };
		B4E7F3A2257B897E009FE7FC /* Base */ = {isa = PBXFileReference; lastKnownFileType = file.storyboard; name = Base; path = Base.lproj/LaunchScreen.storyboard; sourceTree = "<group>"; };
		B4E7F3A4257B897E009FE7FC /* Info.plist */ = {isa = PBXFileReference; lastKnownFileType = text.plist.xml; path = Info.plist; sourceTree = "<group>"; };
		B4E7F3BF257C2CD3009FE7FC /* MessagesSectionView.swift */ = {isa = PBXFileReference; lastKnownFileType = sourcecode.swift; path = MessagesSectionView.swift; sourceTree = "<group>"; };
		B4E7F3C3257C2CF7009FE7FC /* MessagesSectionView.xib */ = {isa = PBXFileReference; lastKnownFileType = file.xib; path = MessagesSectionView.xib; sourceTree = "<group>"; };
/* End PBXFileReference section */

/* Begin PBXFrameworksBuildPhase section */
		B4E7F390257B897D009FE7FC /* Frameworks */ = {
			isa = PBXFrameworksBuildPhase;
			buildActionMask = 2147483647;
			files = (
			);
			runOnlyForDeploymentPostprocessing = 0;
		};
/* End PBXFrameworksBuildPhase section */

/* Begin PBXGroup section */
		B4773080257D0D3F006251B8 /* Section */ = {
			isa = PBXGroup;
			children = (
				B4E7F3C3257C2CF7009FE7FC /* MessagesSectionView.xib */,
				B4E7F3BF257C2CD3009FE7FC /* MessagesSectionView.swift */,
			);
			path = Section;
			sourceTree = "<group>";
		};
		B4773082257D0D52006251B8 /* MessagesPreviewCell */ = {
			isa = PBXGroup;
			children = (
				B4773083257D0D83006251B8 /* MessagesPreviewCell.swift */,
			);
			path = MessagesPreviewCell;
			sourceTree = "<group>";
		};
		B4D808FD257CE22700B158AA /* Models */ = {
			isa = PBXGroup;
			children = (
				B477308C257D1932006251B8 /* Message.swift */,
			);
			path = Models;
			sourceTree = "<group>";
		};
		B4D808FF257CE23A00B158AA /* Controllers */ = {
			isa = PBXGroup;
			children = (
				B4D80900257CE29400B158AA /* MessagesVC.swift */,
			);
			path = Controllers;
			sourceTree = "<group>";
		};
		B4D80908257CE7D000B158AA /* Helpers */ = {
			isa = PBXGroup;
			children = (
				B4D80909257CE7EF00B158AA /* TabBarController.swift */,
				B4D80912257CF9D400B158AA /* IBDesignable */,
			);
			path = Helpers;
			sourceTree = "<group>";
		};
		B4D80910257CF29400B158AA /* MessagesVC */ = {
			isa = PBXGroup;
			children = (
				B4773080257D0D3F006251B8 /* Section */,
				B4773082257D0D52006251B8 /* MessagesPreviewCell */,
			);
			path = MessagesVC;
			sourceTree = "<group>";
		};
		B4D80912257CF9D400B158AA /* IBDesignable */ = {
			isa = PBXGroup;
			children = (
				B4D80914257CFA7600B158AA /* CustomView.swift */,
				B4773087257D0F1E006251B8 /* UIButton.swift */,
			);
			path = IBDesignable;
			sourceTree = "<group>";
		};
		B4E7F38A257B897D009FE7FC = {
			isa = PBXGroup;
			children = (
				B4E7F395257B897D009FE7FC /* ChatMessages */,
				B4E7F394257B897D009FE7FC /* Products */,
			);
			sourceTree = "<group>";
		};
		B4E7F394257B897D009FE7FC /* Products */ = {
			isa = PBXGroup;
			children = (
				B4E7F393257B897D009FE7FC /* ChatMessages.app */,
			);
			name = Products;
			sourceTree = "<group>";
		};
		B4E7F395257B897D009FE7FC /* ChatMessages */ = {
			isa = PBXGroup;
			children = (
				B4E7F396257B897D009FE7FC /* AppDelegate.swift */,
				B4E7F398257B897D009FE7FC /* SceneDelegate.swift */,
				B4D80908257CE7D000B158AA /* Helpers */,
				B4E7F3B4257C2731009FE7FC /* Extensions */,
				B4D808FD257CE22700B158AA /* Models */,
				B4E7F3BE257C2C77009FE7FC /* Views */,
				B4D808FF257CE23A00B158AA /* Controllers */,
				B4E7F39C257B897D009FE7FC /* Main.storyboard */,
				B4E7F39F257B897E009FE7FC /* Assets.xcassets */,
				B4E7F3A1257B897E009FE7FC /* LaunchScreen.storyboard */,
				B4E7F3A4257B897E009FE7FC /* Info.plist */,
			);
			path = ChatMessages;
			sourceTree = "<group>";
		};
		B4E7F3B4257C2731009FE7FC /* Extensions */ = {
			isa = PBXGroup;
			children = (
				B48F4CFE257D7437007A47DF /* UIColor.swift */,
				B48F4D01257D7B3E007A47DF /* UIView.swift */,
			);
			path = Extensions;
			sourceTree = "<group>";
		};
		B4E7F3BE257C2C77009FE7FC /* Views */ = {
			isa = PBXGroup;
			children = (
				B4D80910257CF29400B158AA /* MessagesVC */,
			);
			path = Views;
			sourceTree = "<group>";
		};
/* End PBXGroup section */

/* Begin PBXNativeTarget section */
		B4E7F392257B897D009FE7FC /* ChatMessages */ = {
			isa = PBXNativeTarget;
			buildConfigurationList = B4E7F3A7257B897E009FE7FC /* Build configuration list for PBXNativeTarget "ChatMessages" */;
			buildPhases = (
				B4E7F38F257B897D009FE7FC /* Sources */,
				B4E7F390257B897D009FE7FC /* Frameworks */,
				B4E7F391257B897D009FE7FC /* Resources */,
				B4E7F3B0257BFE41009FE7FC /* Swiftlint */,
			);
			buildRules = (
			);
			dependencies = (
			);
			name = ChatMessages;
			productName = ChatMessages;
			productReference = B4E7F393257B897D009FE7FC /* ChatMessages.app */;
			productType = "com.apple.product-type.application";
		};
/* End PBXNativeTarget section */

/* Begin PBXProject section */
		B4E7F38B257B897D009FE7FC /* Project object */ = {
			isa = PBXProject;
			attributes = {
				LastSwiftUpdateCheck = 1220;
				LastUpgradeCheck = 1220;
				TargetAttributes = {
					B4E7F392257B897D009FE7FC = {
						CreatedOnToolsVersion = 12.2;
					};
				};
			};
			buildConfigurationList = B4E7F38E257B897D009FE7FC /* Build configuration list for PBXProject "ChatMessages" */;
			compatibilityVersion = "Xcode 9.3";
			developmentRegion = en;
			hasScannedForEncodings = 0;
			knownRegions = (
				en,
				Base,
			);
			mainGroup = B4E7F38A257B897D009FE7FC;
			productRefGroup = B4E7F394257B897D009FE7FC /* Products */;
			projectDirPath = "";
			projectRoot = "";
			targets = (
				B4E7F392257B897D009FE7FC /* ChatMessages */,
			);
		};
/* End PBXProject section */

/* Begin PBXResourcesBuildPhase section */
		B4E7F391257B897D009FE7FC /* Resources */ = {
			isa = PBXResourcesBuildPhase;
			buildActionMask = 2147483647;
			files = (
				B4E7F3C4257C2CF7009FE7FC /* MessagesSectionView.xib in Resources */,
				B4E7F3A3257B897E009FE7FC /* LaunchScreen.storyboard in Resources */,
				B4E7F3A0257B897E009FE7FC /* Assets.xcassets in Resources */,
				B4E7F39E257B897D009FE7FC /* Main.storyboard in Resources */,
			);
			runOnlyForDeploymentPostprocessing = 0;
		};
/* End PBXResourcesBuildPhase section */

/* Begin PBXShellScriptBuildPhase section */
		B4E7F3B0257BFE41009FE7FC /* Swiftlint */ = {
			isa = PBXShellScriptBuildPhase;
			buildActionMask = 2147483647;
			files = (
			);
			inputFileListPaths = (
			);
			inputPaths = (
			);
			name = Swiftlint;
			outputFileListPaths = (
			);
			outputPaths = (
			);
			runOnlyForDeploymentPostprocessing = 0;
			shellPath = /bin/sh;
			shellScript = "if which swiftlint >/dev/null; then\n  swiftlint\nelse\n  echo \"warning: SwiftLint not installed, download from https://github.com/realm/SwiftLint\"\nfi\n";
		};
/* End PBXShellScriptBuildPhase section */

/* Begin PBXSourcesBuildPhase section */
		B4E7F38F257B897D009FE7FC /* Sources */ = {
			isa = PBXSourcesBuildPhase;
			buildActionMask = 2147483647;
			files = (
				B4D80915257CFA7600B158AA /* CustomView.swift in Sources */,
				B4E7F3C0257C2CD3009FE7FC /* MessagesSectionView.swift in Sources */,
				B4E7F397257B897D009FE7FC /* AppDelegate.swift in Sources */,
				B48F4D02257D7B3E007A47DF /* UIView.swift in Sources */,
				B4E7F399257B897D009FE7FC /* SceneDelegate.swift in Sources */,
				B4D8090A257CE7EF00B158AA /* TabBarController.swift in Sources */,
				B4773084257D0D83006251B8 /* MessagesPreviewCell.swift in Sources */,
				B48F4CFF257D7437007A47DF /* UIColor.swift in Sources */,
				B477308D257D1932006251B8 /* Message.swift in Sources */,
				B4D80901257CE29400B158AA /* MessagesVC.swift in Sources */,
				B4773088257D0F1E006251B8 /* UIButton.swift in Sources */,
			);
			runOnlyForDeploymentPostprocessing = 0;
		};
/* End PBXSourcesBuildPhase section */

/* Begin PBXVariantGroup section */
		B4E7F39C257B897D009FE7FC /* Main.storyboard */ = {
			isa = PBXVariantGroup;
			children = (
				B4E7F39D257B897D009FE7FC /* Base */,
			);
			name = Main.storyboard;
			sourceTree = "<group>";
		};
		B4E7F3A1257B897E009FE7FC /* LaunchScreen.storyboard */ = {
			isa = PBXVariantGroup;
			children = (
				B4E7F3A2257B897E009FE7FC /* Base */,
			);
			name = LaunchScreen.storyboard;
			sourceTree = "<group>";
		};
/* End PBXVariantGroup section */

/* Begin XCBuildConfiguration section */
		B4E7F3A5257B897E009FE7FC /* Debug */ = {
			isa = XCBuildConfiguration;
			buildSettings = {
				ALWAYS_SEARCH_USER_PATHS = NO;
				CLANG_ANALYZER_NONNULL = YES;
				CLANG_ANALYZER_NUMBER_OBJECT_CONVERSION = YES_AGGRESSIVE;
				CLANG_CXX_LANGUAGE_STANDARD = "gnu++14";
				CLANG_CXX_LIBRARY = "libc++";
				CLANG_ENABLE_MODULES = YES;
				CLANG_ENABLE_OBJC_ARC = YES;
				CLANG_ENABLE_OBJC_WEAK = YES;
				CLANG_WARN_BLOCK_CAPTURE_AUTORELEASING = YES;
				CLANG_WARN_BOOL_CONVERSION = YES;
				CLANG_WARN_COMMA = YES;
				CLANG_WARN_CONSTANT_CONVERSION = YES;
				CLANG_WARN_DEPRECATED_OBJC_IMPLEMENTATIONS = YES;
				CLANG_WARN_DIRECT_OBJC_ISA_USAGE = YES_ERROR;
				CLANG_WARN_DOCUMENTATION_COMMENTS = YES;
				CLANG_WARN_EMPTY_BODY = YES;
				CLANG_WARN_ENUM_CONVERSION = YES;
				CLANG_WARN_INFINITE_RECURSION = YES;
				CLANG_WARN_INT_CONVERSION = YES;
				CLANG_WARN_NON_LITERAL_NULL_CONVERSION = YES;
				CLANG_WARN_OBJC_IMPLICIT_RETAIN_SELF = YES;
				CLANG_WARN_OBJC_LITERAL_CONVERSION = YES;
				CLANG_WARN_OBJC_ROOT_CLASS = YES_ERROR;
				CLANG_WARN_QUOTED_INCLUDE_IN_FRAMEWORK_HEADER = YES;
				CLANG_WARN_RANGE_LOOP_ANALYSIS = YES;
				CLANG_WARN_STRICT_PROTOTYPES = YES;
				CLANG_WARN_SUSPICIOUS_MOVE = YES;
				CLANG_WARN_UNGUARDED_AVAILABILITY = YES_AGGRESSIVE;
				CLANG_WARN_UNREACHABLE_CODE = YES;
				CLANG_WARN__DUPLICATE_METHOD_MATCH = YES;
				COPY_PHASE_STRIP = NO;
				DEBUG_INFORMATION_FORMAT = dwarf;
				ENABLE_STRICT_OBJC_MSGSEND = YES;
				ENABLE_TESTABILITY = YES;
				GCC_C_LANGUAGE_STANDARD = gnu11;
				GCC_DYNAMIC_NO_PIC = NO;
				GCC_NO_COMMON_BLOCKS = YES;
				GCC_OPTIMIZATION_LEVEL = 0;
				GCC_PREPROCESSOR_DEFINITIONS = (
					"DEBUG=1",
					"$(inherited)",
				);
				GCC_WARN_64_TO_32_BIT_CONVERSION = YES;
				GCC_WARN_ABOUT_RETURN_TYPE = YES_ERROR;
				GCC_WARN_UNDECLARED_SELECTOR = YES;
				GCC_WARN_UNINITIALIZED_AUTOS = YES_AGGRESSIVE;
				GCC_WARN_UNUSED_FUNCTION = YES;
				GCC_WARN_UNUSED_VARIABLE = YES;
				IPHONEOS_DEPLOYMENT_TARGET = 14.2;
				MTL_ENABLE_DEBUG_INFO = INCLUDE_SOURCE;
				MTL_FAST_MATH = YES;
				ONLY_ACTIVE_ARCH = YES;
				SDKROOT = iphoneos;
				SWIFT_ACTIVE_COMPILATION_CONDITIONS = DEBUG;
				SWIFT_OPTIMIZATION_LEVEL = "-Onone";
			};
			name = Debug;
		};
		B4E7F3A6257B897E009FE7FC /* Release */ = {
			isa = XCBuildConfiguration;
			buildSettings = {
				ALWAYS_SEARCH_USER_PATHS = NO;
				CLANG_ANALYZER_NONNULL = YES;
				CLANG_ANALYZER_NUMBER_OBJECT_CONVERSION = YES_AGGRESSIVE;
				CLANG_CXX_LANGUAGE_STANDARD = "gnu++14";
				CLANG_CXX_LIBRARY = "libc++";
				CLANG_ENABLE_MODULES = YES;
				CLANG_ENABLE_OBJC_ARC = YES;
				CLANG_ENABLE_OBJC_WEAK = YES;
				CLANG_WARN_BLOCK_CAPTURE_AUTORELEASING = YES;
				CLANG_WARN_BOOL_CONVERSION = YES;
				CLANG_WARN_COMMA = YES;
				CLANG_WARN_CONSTANT_CONVERSION = YES;
				CLANG_WARN_DEPRECATED_OBJC_IMPLEMENTATIONS = YES;
				CLANG_WARN_DIRECT_OBJC_ISA_USAGE = YES_ERROR;
				CLANG_WARN_DOCUMENTATION_COMMENTS = YES;
				CLANG_WARN_EMPTY_BODY = YES;
				CLANG_WARN_ENUM_CONVERSION = YES;
				CLANG_WARN_INFINITE_RECURSION = YES;
				CLANG_WARN_INT_CONVERSION = YES;
				CLANG_WARN_NON_LITERAL_NULL_CONVERSION = YES;
				CLANG_WARN_OBJC_IMPLICIT_RETAIN_SELF = YES;
				CLANG_WARN_OBJC_LITERAL_CONVERSION = YES;
				CLANG_WARN_OBJC_ROOT_CLASS = YES_ERROR;
				CLANG_WARN_QUOTED_INCLUDE_IN_FRAMEWORK_HEADER = YES;
				CLANG_WARN_RANGE_LOOP_ANALYSIS = YES;
				CLANG_WARN_STRICT_PROTOTYPES = YES;
				CLANG_WARN_SUSPICIOUS_MOVE = YES;
				CLANG_WARN_UNGUARDED_AVAILABILITY = YES_AGGRESSIVE;
				CLANG_WARN_UNREACHABLE_CODE = YES;
				CLANG_WARN__DUPLICATE_METHOD_MATCH = YES;
				COPY_PHASE_STRIP = NO;
				DEBUG_INFORMATION_FORMAT = "dwarf-with-dsym";
				ENABLE_NS_ASSERTIONS = NO;
				ENABLE_STRICT_OBJC_MSGSEND = YES;
				GCC_C_LANGUAGE_STANDARD = gnu11;
				GCC_NO_COMMON_BLOCKS = YES;
				GCC_WARN_64_TO_32_BIT_CONVERSION = YES;
				GCC_WARN_ABOUT_RETURN_TYPE = YES_ERROR;
				GCC_WARN_UNDECLARED_SELECTOR = YES;
				GCC_WARN_UNINITIALIZED_AUTOS = YES_AGGRESSIVE;
				GCC_WARN_UNUSED_FUNCTION = YES;
				GCC_WARN_UNUSED_VARIABLE = YES;
				IPHONEOS_DEPLOYMENT_TARGET = 14.2;
				MTL_ENABLE_DEBUG_INFO = NO;
				MTL_FAST_MATH = YES;
				SDKROOT = iphoneos;
				SWIFT_COMPILATION_MODE = wholemodule;
				SWIFT_OPTIMIZATION_LEVEL = "-O";
				VALIDATE_PRODUCT = YES;
			};
			name = Release;
		};
		B4E7F3A8257B897E009FE7FC /* Debug */ = {
			isa = XCBuildConfiguration;
			buildSettings = {
				ASSETCATALOG_COMPILER_APPICON_NAME = AppIcon;
				ASSETCATALOG_COMPILER_GLOBAL_ACCENT_COLOR_NAME = AccentColor;
				CODE_SIGN_STYLE = Automatic;
				DEVELOPMENT_TEAM = JBF2VBD96C;
				INFOPLIST_FILE = ChatMessages/Info.plist;
				LD_RUNPATH_SEARCH_PATHS = (
					"$(inherited)",
					"@executable_path/Frameworks",
				);
				PRODUCT_BUNDLE_IDENTIFIER = com.alexlykesas.ChatMessages;
				PRODUCT_NAME = "$(TARGET_NAME)";
				SWIFT_VERSION = 5.0;
				TARGETED_DEVICE_FAMILY = "1,2";
			};
			name = Debug;
		};
		B4E7F3A9257B897E009FE7FC /* Release */ = {
			isa = XCBuildConfiguration;
			buildSettings = {
				ASSETCATALOG_COMPILER_APPICON_NAME = AppIcon;
				ASSETCATALOG_COMPILER_GLOBAL_ACCENT_COLOR_NAME = AccentColor;
				CODE_SIGN_STYLE = Automatic;
				DEVELOPMENT_TEAM = JBF2VBD96C;
				INFOPLIST_FILE = ChatMessages/Info.plist;
				LD_RUNPATH_SEARCH_PATHS = (
					"$(inherited)",
					"@executable_path/Frameworks",
				);
				PRODUCT_BUNDLE_IDENTIFIER = com.alexlykesas.ChatMessages;
				PRODUCT_NAME = "$(TARGET_NAME)";
				SWIFT_VERSION = 5.0;
				TARGETED_DEVICE_FAMILY = "1,2";
			};
			name = Release;
		};
/* End XCBuildConfiguration section */

/* Begin XCConfigurationList section */
		B4E7F38E257B897D009FE7FC /* Build configuration list for PBXProject "ChatMessages" */ = {
			isa = XCConfigurationList;
			buildConfigurations = (
				B4E7F3A5257B897E009FE7FC /* Debug */,
				B4E7F3A6257B897E009FE7FC /* Release */,
			);
			defaultConfigurationIsVisible = 0;
			defaultConfigurationName = Release;
		};
		B4E7F3A7257B897E009FE7FC /* Build configuration list for PBXNativeTarget "ChatMessages" */ = {
			isa = XCConfigurationList;
			buildConfigurations = (
				B4E7F3A8257B897E009FE7FC /* Debug */,
				B4E7F3A9257B897E009FE7FC /* Release */,
			);
			defaultConfigurationIsVisible = 0;
			defaultConfigurationName = Release;
		};
/* End XCConfigurationList section */
	};
	rootObject = B4E7F38B257B897D009FE7FC /* Project object */;
}
